
Microsoft Visual Studio Solution File, Format Version 12.00
# Visual Studio Version 16
VisualStudioVersion = 16.0.30717.126
MinimumVisualStudioVersion = 10.0.40219.1
Project("{9A19103F-16F7-4668-BE54-9A1E7A4F7556}") = "PortfolioManager.Data", "..\..\..\..\..\..\Downloads\PortfolioManager\PortfolioManager\PortfolioManager.Data\PortfolioManager.Data.csproj", "{7592325A-ED5E-4D81-81D3-EDFCA1974094}"
EndProject
Project("{9A19103F-16F7-4668-BE54-9A1E7A4F7556}") = "PortfolioManager.Domain", "..\..\..\..\..\..\Downloads\PortfolioManager\PortfolioManager\PortfolioManager.Domain\PortfolioManager.Domain.csproj", "{D8DC5094-3FCF-4D5D-B7BF-04401D06A21D}"
EndProject
Project("{9A19103F-16F7-4668-BE54-9A1E7A4F7556}") = "PortfolioManager.Core", "PortfolioManager.Core\PortfolioManager.Core.csproj", "{21946EA3-7319-43BC-96A9-C8C2BA15169C}"
EndProject
Global
	GlobalSection(SolutionConfigurationPlatforms) = preSolution
		Debug|Any CPU = Debug|Any CPU
		Release|Any CPU = Release|Any CPU
	EndGlobalSection
	GlobalSection(ProjectConfigurationPlatforms) = postSolution
		{7592325A-ED5E-4D81-81D3-EDFCA1974094}.Debug|Any CPU.ActiveCfg = Debug|Any CPU
		{7592325A-ED5E-4D81-81D3-EDFCA1974094}.Debug|Any CPU.Build.0 = Debug|Any CPU
		{7592325A-ED5E-4D81-81D3-EDFCA1974094}.Release|Any CPU.ActiveCfg = Release|Any CPU
		{7592325A-ED5E-4D81-81D3-EDFCA1974094}.Release|Any CPU.Build.0 = Release|Any CPU
		{D8DC5094-3FCF-4D5D-B7BF-04401D06A21D}.Debug|Any CPU.ActiveCfg = Debug|Any CPU
		{D8DC5094-3FCF-4D5D-B7BF-04401D06A21D}.Debug|Any CPU.Build.0 = Debug|Any CPU
		{D8DC5094-3FCF-4D5D-B7BF-04401D06A21D}.Release|Any CPU.ActiveCfg = Release|Any CPU
		{D8DC5094-3FCF-4D5D-B7BF-04401D06A21D}.Release|Any CPU.Build.0 = Release|Any CPU
		{21946EA3-7319-43BC-96A9-C8C2BA15169C}.Debug|Any CPU.ActiveCfg = Debug|Any CPU
		{21946EA3-7319-43BC-96A9-C8C2BA15169C}.Debug|Any CPU.Build.0 = Debug|Any CPU
		{21946EA3-7319-43BC-96A9-C8C2BA15169C}.Release|Any CPU.ActiveCfg = Release|Any CPU
		{21946EA3-7319-43BC-96A9-C8C2BA15169C}.Release|Any CPU.Build.0 = Release|Any CPU
	EndGlobalSection
	GlobalSection(SolutionProperties) = preSolution
		HideSolutionNode = FALSE
	EndGlobalSection
	GlobalSection(ExtensibilityGlobals) = postSolution
		SolutionGuid = {37900C6E-265D-485E-9A25-33DF53AD4A15}
	EndGlobalSection
EndGlobal
